{
  "version": 4,
  "terraform_version": "1.6.5",
  "serial": 11,
  "lineage": "803fdd2c-d47c-8190-7e13-bc472788b3cd",
  "outputs": {},
  "resources": [
    {
      "mode": "managed",
      "type": "yandex_vpc_network",
      "name": "network",
      "provider": "provider[\"registry.terraform.io/yandex-cloud/yandex\"]",
      "instances": [
        {
          "schema_version": 0,
          "attributes": {
            "created_at": "2023-12-04T12:38:28Z",
            "default_security_group_id": "enpos0ij2mlibjaevtqg",
            "description": "",
            "folder_id": "b1g07boj4j03d4ln6dhf",
            "id": "enppd2f5jnecv18iu49p",
            "labels": {},
            "name": "deploy-network",
            "subnet_ids": [
              "e9bje767btt1c17jqpd8"
            ],
            "timeouts": null
          },
          "sensitive_attributes": [],
          "private": "eyJlMmJmYjczMC1lY2FhLTExZTYtOGY4OC0zNDM2M2JjN2M0YzAiOnsiY3JlYXRlIjo2MDAwMDAwMDAwMCwiZGVsZXRlIjo2MDAwMDAwMDAwMCwidXBkYXRlIjo2MDAwMDAwMDAwMH19"
        }
      ]
    },
    {
      "mode": "managed",
      "type": "yandex_vpc_subnet",
      "name": "subnet1",
      "provider": "provider[\"registry.terraform.io/yandex-cloud/yandex\"]",
      "instances": [
        {
          "schema_version": 0,
          "attributes": {
            "created_at": "2023-12-04T12:38:32Z",
            "description": "",
            "dhcp_options": [],
            "folder_id": "b1g07boj4j03d4ln6dhf",
            "id": "e9bje767btt1c17jqpd8",
            "labels": {},
            "name": "subnet1",
            "network_id": "enppd2f5jnecv18iu49p",
            "route_table_id": "",
            "timeouts": null,
            "v4_cidr_blocks": [
              "192.168.10.0/24"
            ],
            "v6_cidr_blocks": [],
            "zone": "ru-central1-a"
          },
          "sensitive_attributes": [],
          "private": "eyJlMmJmYjczMC1lY2FhLTExZTYtOGY4OC0zNDM2M2JjN2M0YzAiOnsiY3JlYXRlIjoxODAwMDAwMDAwMDAsImRlbGV0ZSI6MTgwMDAwMDAwMDAwLCJ1cGRhdGUiOjE4MDAwMDAwMDAwMH19",
          "dependencies": [
            "yandex_vpc_network.network"
          ]
        }
      ]
    },
    {
      "module": "module.ya_instance_1",
      "mode": "data",
      "type": "yandex_compute_image",
      "name": "my_image",
      "provider": "provider[\"registry.terraform.io/yandex-cloud/yandex\"]",
      "instances": [
        {
          "schema_version": 0,
          "attributes": {
            "created_at": "2023-12-04T10:54:04Z",
            "description": "ubuntu 22.04 lts",
            "family": "ubuntu-2204-lts",
            "folder_id": "standard-images",
            "id": "fd8idfolcq1l43h1mlft",
            "image_id": "fd8idfolcq1l43h1mlft",
            "labels": {},
            "min_disk_size": 8,
            "name": "ubuntu-22-04-lts-v20231204",
            "os_type": "linux",
            "pooled": true,
            "product_ids": [
              "f2ee1lhhi1dheqndl6ld"
            ],
            "size": 7,
            "status": "ready"
          },
          "sensitive_attributes": []
        }
      ]
    },
    {
      "module": "module.ya_instance_1",
      "mode": "managed",
      "type": "yandex_compute_instance",
      "name": "vm",
      "provider": "provider[\"registry.terraform.io/yandex-cloud/yandex\"]",
      "instances": [
        {
          "schema_version": 1,
          "attributes": {
            "allow_recreate": null,
            "allow_stopping_for_update": null,
            "boot_disk": [
              {
                "auto_delete": true,
                "device_name": "fhmsl0m5478nnl6ij44b",
                "disk_id": "fhmsl0m5478nnl6ij44b",
                "initialize_params": [
                  {
                    "block_size": 4096,
                    "description": "",
                    "image_id": "fd8idfolcq1l43h1mlft",
                    "name": "",
                    "size": 8,
                    "snapshot_id": "",
                    "type": "network-hdd"
                  }
                ],
                "mode": "READ_WRITE"
              }
            ],
            "created_at": "2023-12-04T12:40:24Z",
            "description": "",
            "filesystem": [],
            "folder_id": "b1g07boj4j03d4ln6dhf",
            "fqdn": "fhmpku2ikvee7rtc1l8d.auto.internal",
            "gpu_cluster_id": "",
            "hostname": "",
            "id": "fhmpku2ikvee7rtc1l8d",
            "labels": {},
            "local_disk": [],
            "metadata": {
              "ssh-keys": "~/.ssh/id_rsa"
            },
            "metadata_options": [
              {
                "aws_v1_http_endpoint": 1,
                "aws_v1_http_token": 2,
                "gce_http_endpoint": 1,
                "gce_http_token": 1
              }
            ],
            "name": "master",
            "network_acceleration_type": "standard",
            "network_interface": [
              {
                "dns_record": [],
                "index": 0,
                "ip_address": "192.168.10.23",
                "ipv4": true,
                "ipv6": false,
                "ipv6_address": "",
                "ipv6_dns_record": [],
                "mac_address": "d0:0d:19:a7:85:2a",
                "nat": true,
                "nat_dns_record": [],
                "nat_ip_address": "51.250.94.126",
                "nat_ip_version": "IPV4",
                "security_group_ids": [],
                "subnet_id": "e9bje767btt1c17jqpd8"
              }
            ],
            "placement_policy": [
              {
                "host_affinity_rules": [],
                "placement_group_id": ""
              }
            ],
            "platform_id": "standard-v1",
            "resources": [
              {
                "core_fraction": 20,
                "cores": 2,
                "gpus": 0,
                "memory": 1
              }
            ],
            "scheduling_policy": [
              {
                "preemptible": false
              }
            ],
            "secondary_disk": [],
            "service_account_id": "",
            "status": "running",
            "timeouts": null,
            "zone": "ru-central1-a"
          },
          "sensitive_attributes": [],
          "private": "eyJlMmJmYjczMC1lY2FhLTExZTYtOGY4OC0zNDM2M2JjN2M0YzAiOnsiY3JlYXRlIjozMDAwMDAwMDAwMDAsImRlbGV0ZSI6MzAwMDAwMDAwMDAwLCJ1cGRhdGUiOjMwMDAwMDAwMDAwMH0sInNjaGVtYV92ZXJzaW9uIjoiMSJ9",
          "dependencies": [
            "module.ya_instance_1.data.yandex_compute_image.my_image",
            "yandex_vpc_network.network",
            "yandex_vpc_subnet.subnet1"
          ]
        }
      ]
    }
  ],
  "check_results": null
}
