{
  "version": 4,
  "terraform_version": "1.6.5",
  "serial": 25,
  "lineage": "1b0f4e20-3fd2-e3ec-d047-c3af8bcb5be2",
  "outputs": {
    "kakoi_ip": {
      "value": "51.250.92.254",
      "type": "string"
    },
    "kakoi_ip_master": {
      "value": "158.160.49.11",
      "type": "string"
    }
  },
  "resources": [
    {
      "mode": "managed",
      "type": "yandex_vpc_network",
      "name": "network",
      "provider": "provider[\"registry.terraform.io/yandex-cloud/yandex\"]",
      "instances": [
        {
          "schema_version": 0,
          "attributes": {
            "created_at": "2023-12-05T12:36:23Z",
            "default_security_group_id": "enp5116pcskgijflrsgq",
            "description": "",
            "folder_id": "b1g07boj4j03d4ln6dhf",
            "id": "enpqpepkfesqqacb83i1",
            "labels": {},
            "name": "deploy_network",
            "subnet_ids": [
              "e9bp3u254d1ga1vkdmp8"
            ],
            "timeouts": null
          },
          "sensitive_attributes": [],
          "private": "eyJlMmJmYjczMC1lY2FhLTExZTYtOGY4OC0zNDM2M2JjN2M0YzAiOnsiY3JlYXRlIjo2MDAwMDAwMDAwMCwiZGVsZXRlIjo2MDAwMDAwMDAwMCwidXBkYXRlIjo2MDAwMDAwMDAwMH19"
        }
      ]
    },
    {
      "mode": "managed",
      "type": "yandex_vpc_subnet",
      "name": "subnet-1",
      "provider": "provider[\"registry.terraform.io/yandex-cloud/yandex\"]",
      "instances": [
        {
          "schema_version": 0,
          "attributes": {
            "created_at": "2023-12-05T12:36:25Z",
            "description": "",
            "dhcp_options": [],
            "folder_id": "b1g07boj4j03d4ln6dhf",
            "id": "e9bp3u254d1ga1vkdmp8",
            "labels": {},
            "name": "subnetmaster",
            "network_id": "enpqpepkfesqqacb83i1",
            "route_table_id": "",
            "timeouts": null,
            "v4_cidr_blocks": [
              "10.2.0.0/16"
            ],
            "v6_cidr_blocks": [],
            "zone": "ru-central1-a"
          },
          "sensitive_attributes": [],
          "private": "eyJlMmJmYjczMC1lY2FhLTExZTYtOGY4OC0zNDM2M2JjN2M0YzAiOnsiY3JlYXRlIjoxODAwMDAwMDAwMDAsImRlbGV0ZSI6MTgwMDAwMDAwMDAwLCJ1cGRhdGUiOjE4MDAwMDAwMDAwMH19",
          "dependencies": [
            "yandex_vpc_network.network"
          ]
        }
      ]
    },
    {
      "module": "module.k8s_master",
      "mode": "data",
      "type": "yandex_compute_image",
      "name": "my_image",
      "provider": "provider[\"registry.terraform.io/yandex-cloud/yandex\"]",
      "instances": [
        {
          "schema_version": 0,
          "attributes": {
            "created_at": "2023-12-04T10:54:04Z",
            "description": "ubuntu 22.04 lts",
            "family": "ubuntu-2204-lts",
            "folder_id": "standard-images",
            "id": "fd8idfolcq1l43h1mlft",
            "image_id": "fd8idfolcq1l43h1mlft",
            "labels": {},
            "min_disk_size": 8,
            "name": "ubuntu-22-04-lts-v20231204",
            "os_type": "linux",
            "pooled": true,
            "product_ids": [
              "f2ee1lhhi1dheqndl6ld"
            ],
            "size": 7,
            "status": "ready"
          },
          "sensitive_attributes": []
        }
      ]
    },
    {
      "module": "module.k8s_master",
      "mode": "managed",
      "type": "yandex_compute_instance",
      "name": "vm",
      "provider": "provider[\"registry.terraform.io/yandex-cloud/yandex\"]",
      "instances": [
        {
          "schema_version": 1,
          "attributes": {
            "allow_recreate": null,
            "allow_stopping_for_update": null,
            "boot_disk": [
              {
                "auto_delete": true,
                "device_name": "fhmtsondq087uqf2kfgj",
                "disk_id": "fhmtsondq087uqf2kfgj",
                "initialize_params": [
                  {
                    "block_size": 4096,
                    "description": "",
                    "image_id": "fd8idfolcq1l43h1mlft",
                    "name": "",
                    "size": 8,
                    "snapshot_id": "",
                    "type": "network-hdd"
                  }
                ],
                "mode": "READ_WRITE"
              }
            ],
            "created_at": "2023-12-05T12:36:26Z",
            "description": "",
            "filesystem": [],
            "folder_id": "b1g07boj4j03d4ln6dhf",
            "fqdn": "fhmq4bkcmkvkch7v8rpn.auto.internal",
            "gpu_cluster_id": "",
            "hostname": "",
            "id": "fhmq4bkcmkvkch7v8rpn",
            "labels": {},
            "local_disk": [],
            "metadata": {
              "ssh-keys": "ubuntu:ssh-rsa AAAAB3NzaC1yc2EAAAADAQABAAABgQCouU9XR+ftdbpCTBKkDVeyW/DRUc/5AJQazgKrhI1YG1zIGS8oj1hPYCnutmG6HI8b7KX/8eht36pgISna64Ati1W+t682Q9Z94zCWf6WMaGgCI1MGUIcMostET+T/rLPw2XLfFgnBquWmTnoFXgMh82G8VPRmNUkDi7eYAheGPZR5wXzHxzS8lFKt2ThreVmkrcMj9wC5xcddrBAiIxQElkqUnjLzKRk5O3OYXVrMisDQosU+jofjNDCp9TAlfMURW3jcGaBjBlqWMJUhAXPRDqDrUhSbmQB7YTxa1rO6934Gs/DDlCm4cUDcvcFrp6chR4KSs7Uw07mvOKhakPO2cMuRAeZT1k5dHqKl4HyRIiRIMO0nTCjPNOZKLwVYKyuw47PQmxwuD3cSV8P1WRNQXuzPUAiBailw5t90zX8kjarItWUzwytd4LBvyS1Aak+cmt/e2RKA6vL7dwK+GWv0knnGDIgysM7DHZenuT0+jKLQdR4mq6Sq2ENCNmTK3qs= kozha@ubuntutest\n"
            },
            "metadata_options": [
              {
                "aws_v1_http_endpoint": 1,
                "aws_v1_http_token": 2,
                "gce_http_endpoint": 1,
                "gce_http_token": 1
              }
            ],
            "name": "master",
            "network_acceleration_type": "standard",
            "network_interface": [
              {
                "dns_record": [],
                "index": 0,
                "ip_address": "10.2.0.8",
                "ipv4": true,
                "ipv6": false,
                "ipv6_address": "",
                "ipv6_dns_record": [],
                "mac_address": "d0:0d:1a:22:e8:cb",
                "nat": true,
                "nat_dns_record": [],
                "nat_ip_address": "158.160.49.11",
                "nat_ip_version": "IPV4",
                "security_group_ids": [],
                "subnet_id": "e9bp3u254d1ga1vkdmp8"
              }
            ],
            "placement_policy": [
              {
                "host_affinity_rules": [],
                "placement_group_id": ""
              }
            ],
            "platform_id": "standard-v1",
            "resources": [
              {
                "core_fraction": 20,
                "cores": 2,
                "gpus": 0,
                "memory": 1
              }
            ],
            "scheduling_policy": [
              {
                "preemptible": false
              }
            ],
            "secondary_disk": [],
            "service_account_id": "",
            "status": "running",
            "timeouts": null,
            "zone": "ru-central1-a"
          },
          "sensitive_attributes": [],
          "private": "eyJlMmJmYjczMC1lY2FhLTExZTYtOGY4OC0zNDM2M2JjN2M0YzAiOnsiY3JlYXRlIjozMDAwMDAwMDAwMDAsImRlbGV0ZSI6MzAwMDAwMDAwMDAwLCJ1cGRhdGUiOjMwMDAwMDAwMDAwMH0sInNjaGVtYV92ZXJzaW9uIjoiMSJ9",
          "dependencies": [
            "module.k8s_master.data.yandex_compute_image.my_image",
            "yandex_vpc_network.network",
            "yandex_vpc_subnet.subnet-1"
          ]
        }
      ]
    },
    {
      "module": "module.k8s_worker",
      "mode": "data",
      "type": "yandex_compute_image",
      "name": "my_image",
      "provider": "provider[\"registry.terraform.io/yandex-cloud/yandex\"]",
      "instances": [
        {
          "schema_version": 0,
          "attributes": {
            "created_at": "2023-12-04T10:54:04Z",
            "description": "ubuntu 22.04 lts",
            "family": "ubuntu-2204-lts",
            "folder_id": "standard-images",
            "id": "fd8idfolcq1l43h1mlft",
            "image_id": "fd8idfolcq1l43h1mlft",
            "labels": {},
            "min_disk_size": 8,
            "name": "ubuntu-22-04-lts-v20231204",
            "os_type": "linux",
            "pooled": true,
            "product_ids": [
              "f2ee1lhhi1dheqndl6ld"
            ],
            "size": 7,
            "status": "ready"
          },
          "sensitive_attributes": []
        }
      ]
    },
    {
      "module": "module.k8s_worker",
      "mode": "managed",
      "type": "yandex_compute_instance",
      "name": "vm",
      "provider": "provider[\"registry.terraform.io/yandex-cloud/yandex\"]",
      "instances": [
        {
          "schema_version": 1,
          "attributes": {
            "allow_recreate": null,
            "allow_stopping_for_update": null,
            "boot_disk": [
              {
                "auto_delete": true,
                "device_name": "fhmsh3umeq5o0e49a1u6",
                "disk_id": "fhmsh3umeq5o0e49a1u6",
                "initialize_params": [
                  {
                    "block_size": 4096,
                    "description": "",
                    "image_id": "fd8idfolcq1l43h1mlft",
                    "name": "",
                    "size": 8,
                    "snapshot_id": "",
                    "type": "network-hdd"
                  }
                ],
                "mode": "READ_WRITE"
              }
            ],
            "created_at": "2023-12-05T12:54:42Z",
            "description": "",
            "filesystem": [],
            "folder_id": "b1g07boj4j03d4ln6dhf",
            "fqdn": "fhm6gplpidete63sh3nr.auto.internal",
            "gpu_cluster_id": "",
            "hostname": "",
            "id": "fhm6gplpidete63sh3nr",
            "labels": {},
            "local_disk": [],
            "metadata": {
              "foo": "bar",
              "ssh-keys": "ubuntu:-----BEGIN OPENSSH PRIVATE KEY-----\nb3BlbnNzaC1rZXktdjEAAAAABG5vbmUAAAAEbm9uZQAAAAAAAAABAAABlwAAAAdzc2gtcn\nNhAAAAAwEAAQAAAYEAqLlPV0fn7XW6QkwSpA1Xslvw0VHP+QCUGs4Cq4SNWBtcyBkvKI9Y\nT2Ap7rZhuhyPG+yl//Hobd+qYCEp2uuALYtVvrevNkPWfeMwln+ljGhoAiNTBlCHDKLLRE\n/k/6yz8Nly3xYJwarlpk56BV4DIfNhvFT0ZjVJA4u3mAIXhj2UecF8x8c0vJRSrdk4a3lZ\npK3DI/cAucXHXawQIiMUBJZKlJ4y8ykZOTtzmF1azIrA0KLFPo6H4zQwqfUwJXzFEVt43B\nmgYwZaljCVIQFz0Q6g61IUm5kAe2E8Wtazuvd+BrPww5QpuHFA3L3Ba6enIUeCkrO1MNO5\nrzioWpDztnDLkQHmU9ZOXR6ipeB8kSIkSDDtJ0wozzTmSi8FWCsrsOOz0JscLg93ElfD9V\nkTUF7sz1AIgWopcObfdM1/JI2qyLVlM8MrXeCwb8ktQGpPnJrf3tkSgOry+3cCvhlr9JJ5\nxgyIMrDOwx2Xp7k9Poyi0HUeJqukqthDQjZkyt6rAAAFiPJm+QvyZvkLAAAAB3NzaC1yc2\nEAAAGBAKi5T1dH5+11ukJMEqQNV7Jb8NFRz/kAlBrOAquEjVgbXMgZLyiPWE9gKe62Yboc\njxvspf/x6G3fqmAhKdrrgC2LVb63rzZD1n3jMJZ/pYxoaAIjUwZQhwyiy0RP5P+ss/DZct\n8WCcGq5aZOegVeAyHzYbxU9GY1SQOLt5gCF4Y9lHnBfMfHNLyUUq3ZOGt5WaStwyP3ALnF\nx12sECIjFASWSpSeMvMpGTk7c5hdWsyKwNCixT6Oh+M0MKn1MCV8xRFbeNwZoGMGWpYwlS\nEBc9EOoOtSFJuZAHthPFrWs7r3fgaz8MOUKbhxQNy9wWunpyFHgpKztTDTua84qFqQ87Zw\ny5EB5lPWTl0eoqXgfJEiJEgw7SdMKM805kovBVgrK7Djs9CbHC4PdxJXw/VZE1Be7M9QCI\nFqKXDm33TNfySNqsi1ZTPDK13gsG/JLUBqT5ya397ZEoDq8vt3Ar4Za/SSecYMiDKwzsMd\nl6e5PT6MotB1HiarpKrYQ0I2ZMreqwAAAAMBAAEAAAGASluEumf/sBiSshYZnwAcVogLbQ\nx7tfbJzrhc198udZZ1gOAMdvkZh73PLRtmnWFptnpIPDCN6SJJ0Vy8N/VSw3+lFcyY5Lbn\n6AoAh0sRF/yJXevYcq95nRl/sIbvWrhvguUqKWPqf9YDqJPsVcI1ajh7KcddAFBacbwY+N\n5vJKOt9CzQA7ForfVGLMTPBxpvZdKIbii0wqqFruQeJhVEhLMBglboCF7j9WOckZkO45cA\n29HoUKX7ACgnjDd49QRzktJC3dfspOHNPCgtUrWxc3ZMDOmEcKs3C6ETS3X1FItbAl1Nxk\nFVaiPAGU4RHWmIMPWrJM6VKFoe+r9c1f/g9McixnO/v8AE3C6IrOpSAynxS1NhXU+Dqeup\nXBc8q/JEP6adah4mS2imyGUtonQTbkk5GZnwyDFuGog1k97ST+za3dX87qLCGZpCqZ5nMf\nW/0aV9tpclhwZ8wCR6riAB6h5Ai3/Pk3xXlm+PWdqPSyeQG4UB0aF1Jy7PQkOHB76lAAAA\nwQCwlpuL5C2eGZQshneW+hQnL6t79yadDbuXSR0A6ZraLH4U3+GesY5jNuwbKveFJaEFn8\nvbiS5Y1WIJ4H/x1+0vtD1UtIOSnkDZQsG6rVr6nGHUYIRw7GsUvBEvG+e6GfPDvD9+i48z\n/dhNwWiSwcZFlhdDqkwu/9jpTUWbb182Vh9io5LJNOMlkL/uxVsH/0jkRN4irb00cKXCde\n8QVp2GJXf0CbjDW0ZXp40hYDwe3fZiJNAAyczXERrI5dB8dEIAAADBALmR9MknCSTcSHiz\nxDnfFq/7hrPZpwyD2FwqPjibNRxMTpzV7q6RxtYZyaSnY1zYHS7Nh5m8RAOth5dpzeZIJ5\naSHy9Qpv7+DzyoP8M+LuGTeHOjyzQLk3YJMj9+AmpV8x7vefxCdWKptDfZJdU6iC0fFBWM\nyaLjudwBDFO0VDOopY1RTni368h/+hgCt1HTCdiQhVoc1JHPAAbzOKTweYz1MJJlQ6Qjw1\nF0VRP5QzB/Qpf/BZXINCssCakd+TypXQAAAMEA6MKQtT++RB7/zJPw6hXsJRHiMW3pqNfQ\notq7tLZ4ihe34OItW4omwkNg/3B06+MgU0sxhw9LSRWgecp8wUZ2VDCzPJt2q7IdZkAJXC\ncQ5mjTDshuorBG6U97lV5vz6GNzWFrT/TBmgYb55c8XCL57Z+19Kfk1AUfp8Y0BjvjjVxH\n2S4lyMELpil8Y9Q6Mpnc1O1V8tosRH26jRWoWX52KfnlD0rLVAD7qPoZ+6u47a35x6nVaR\nNZPDepYR/RjL+nAAAAEGtvemhhQHVidW50dXRlc3QBAg==\n-----END OPENSSH PRIVATE KEY-----\n"
            },
            "metadata_options": [
              {
                "aws_v1_http_endpoint": 1,
                "aws_v1_http_token": 2,
                "gce_http_endpoint": 1,
                "gce_http_token": 1
              }
            ],
            "name": "worker",
            "network_acceleration_type": "standard",
            "network_interface": [
              {
                "dns_record": [],
                "index": 0,
                "ip_address": "10.2.0.16",
                "ipv4": true,
                "ipv6": false,
                "ipv6_address": "",
                "ipv6_dns_record": [],
                "mac_address": "d0:0d:68:66:b9:93",
                "nat": true,
                "nat_dns_record": [],
                "nat_ip_address": "51.250.92.254",
                "nat_ip_version": "IPV4",
                "security_group_ids": [],
                "subnet_id": "e9bp3u254d1ga1vkdmp8"
              }
            ],
            "placement_policy": [
              {
                "host_affinity_rules": [],
                "placement_group_id": ""
              }
            ],
            "platform_id": "standard-v1",
            "resources": [
              {
                "core_fraction": 20,
                "cores": 2,
                "gpus": 0,
                "memory": 1
              }
            ],
            "scheduling_policy": [
              {
                "preemptible": false
              }
            ],
            "secondary_disk": [],
            "service_account_id": "",
            "status": "running",
            "timeouts": null,
            "zone": "ru-central1-a"
          },
          "sensitive_attributes": [],
          "private": "eyJlMmJmYjczMC1lY2FhLTExZTYtOGY4OC0zNDM2M2JjN2M0YzAiOnsiY3JlYXRlIjozMDAwMDAwMDAwMDAsImRlbGV0ZSI6MzAwMDAwMDAwMDAwLCJ1cGRhdGUiOjMwMDAwMDAwMDAwMH0sInNjaGVtYV92ZXJzaW9uIjoiMSJ9",
          "dependencies": [
            "module.k8s_worker.data.yandex_compute_image.my_image",
            "yandex_vpc_network.network",
            "yandex_vpc_subnet.subnet-1"
          ]
        }
      ]
    }
  ],
  "check_results": null
}
