{
  "version": 4,
  "terraform_version": "1.6.5",
  "serial": 79,
  "lineage": "1efbf78a-1999-5ea3-6738-79641509ffa8",
  "outputs": {
    "kakoi_ip_master": {
      "value": "158.160.48.227",
      "type": "string"
    }
  },
  "resources": [
    {
      "mode": "managed",
      "type": "yandex_vpc_network",
      "name": "network",
      "provider": "provider[\"registry.terraform.io/yandex-cloud/yandex\"]",
      "instances": [
        {
          "schema_version": 0,
          "attributes": {
            "created_at": "2023-12-07T15:09:45Z",
            "default_security_group_id": "enp1cb1pq5s7oh0agtj1",
            "description": "",
            "folder_id": "b1g07boj4j03d4ln6dhf",
            "id": "enpphpchg43549jkukca",
            "labels": {},
            "name": "deploy_network",
            "subnet_ids": [],
            "timeouts": null
          },
          "sensitive_attributes": [],
          "private": "eyJlMmJmYjczMC1lY2FhLTExZTYtOGY4OC0zNDM2M2JjN2M0YzAiOnsiY3JlYXRlIjo2MDAwMDAwMDAwMCwiZGVsZXRlIjo2MDAwMDAwMDAwMCwidXBkYXRlIjo2MDAwMDAwMDAwMH19"
        }
      ]
    },
    {
      "mode": "managed",
      "type": "yandex_vpc_subnet",
      "name": "subnet-1",
      "provider": "provider[\"registry.terraform.io/yandex-cloud/yandex\"]",
      "instances": [
        {
          "schema_version": 0,
          "attributes": {
            "created_at": "2023-12-07T15:09:48Z",
            "description": "",
            "dhcp_options": [],
            "folder_id": "b1g07boj4j03d4ln6dhf",
            "id": "e9bs2364elrc7nrqv7nn",
            "labels": {},
            "name": "subnetmaster",
            "network_id": "enpphpchg43549jkukca",
            "route_table_id": "",
            "timeouts": null,
            "v4_cidr_blocks": [
              "10.2.0.0/16"
            ],
            "v6_cidr_blocks": [],
            "zone": "ru-central1-a"
          },
          "sensitive_attributes": [],
          "private": "eyJlMmJmYjczMC1lY2FhLTExZTYtOGY4OC0zNDM2M2JjN2M0YzAiOnsiY3JlYXRlIjoxODAwMDAwMDAwMDAsImRlbGV0ZSI6MTgwMDAwMDAwMDAwLCJ1cGRhdGUiOjE4MDAwMDAwMDAwMH19",
          "dependencies": [
            "yandex_vpc_network.network"
          ]
        }
      ]
    },
    {
      "module": "module.k8s_master",
      "mode": "data",
      "type": "yandex_compute_image",
      "name": "my_image",
      "provider": "provider[\"registry.terraform.io/yandex-cloud/yandex\"]",
      "instances": [
        {
          "schema_version": 0,
          "attributes": {
            "created_at": "2023-12-04T10:54:04Z",
            "description": "ubuntu 22.04 lts",
            "family": "ubuntu-2204-lts",
            "folder_id": "standard-images",
            "id": "fd8idfolcq1l43h1mlft",
            "image_id": "fd8idfolcq1l43h1mlft",
            "labels": {},
            "min_disk_size": 8,
            "name": "ubuntu-22-04-lts-v20231204",
            "os_type": "linux",
            "pooled": true,
            "product_ids": [
              "f2ee1lhhi1dheqndl6ld"
            ],
            "size": 7,
            "status": "ready"
          },
          "sensitive_attributes": []
        }
      ]
    },
    {
      "module": "module.k8s_master",
      "mode": "managed",
      "type": "null_resource",
      "name": "docker-swarm-manager-start",
      "provider": "provider[\"registry.terraform.io/hashicorp/null\"]",
      "instances": [
        {
          "schema_version": 0,
          "attributes": {
            "id": "4705806005691457415",
            "triggers": null
          },
          "sensitive_attributes": [],
          "dependencies": [
            "module.k8s_master.data.yandex_compute_image.my_image",
            "module.k8s_master.yandex_compute_instance.master",
            "yandex_vpc_network.network",
            "yandex_vpc_subnet.subnet-1"
          ]
        }
      ]
    },
    {
      "module": "module.k8s_master",
      "mode": "managed",
      "type": "yandex_compute_instance",
      "name": "master",
      "provider": "provider[\"registry.terraform.io/yandex-cloud/yandex\"]",
      "instances": [
        {
          "schema_version": 1,
          "attributes": {
            "allow_recreate": null,
            "allow_stopping_for_update": null,
            "boot_disk": [
              {
                "auto_delete": true,
                "device_name": "fhmum52krnj6ppuge3qv",
                "disk_id": "fhmum52krnj6ppuge3qv",
                "initialize_params": [
                  {
                    "block_size": 4096,
                    "description": "",
                    "image_id": "fd8idfolcq1l43h1mlft",
                    "name": "",
                    "size": 8,
                    "snapshot_id": "",
                    "type": "network-hdd"
                  }
                ],
                "mode": "READ_WRITE"
              }
            ],
            "created_at": "2023-12-07T15:09:49Z",
            "description": "",
            "filesystem": [],
            "folder_id": "b1g07boj4j03d4ln6dhf",
            "fqdn": "fhm8dk7ftqgngj1oi2ti.auto.internal",
            "gpu_cluster_id": "",
            "hostname": "",
            "id": "fhm8dk7ftqgngj1oi2ti",
            "labels": null,
            "local_disk": [],
            "metadata": {
              "ssh-keys": "ubuntu:ssh-rsa AAAAB3NzaC1yc2EAAAADAQABAAABgQDFbi2AzHW318K0rmiRAz0z1WPUnN//zX52Yuqb0f3tve4ltmbsvQUkrMwtntrvJYRZQ00UbFpUXxvHXQA/swsenLZvEEusOBSMAZlDD3HxubuELG85YpZRRj36Y2Zc8G69MgmJKp33B7JNn5BYViVTpHKN9eOkHkyEcrxgZ/cL4tG8cJn0K051eJFIeQzG38HvHsivNpcNFKz9fmATOL0XM+xszKynxLVaIbebb0gTT5kKcxGh78Z56Kzx7vKHOKIc19SZKYL7QE2kbZ5YFXxiqd7j3kI4zenH8SVSy4Aq+mtgwNKOsZfKZ3fb7OdUzW0AnqLSsaZJeAmxe6O0MQcFnAVdNDaWhyOLdfADjC/vaf3AweXPP7kFol/QAXCpdLk2rwu7YXfyqVn4kvQg0sOvO726v0N+Z4x6ZA6XFeXZKPgtakVyvwxYlP4VTYzhi7hf4ZRH7nwZgi1QfCje9unQJPjjfHo/o0R9o6Ky1mLfKmIimxYsvv8u7uhMPK82RXU= kozha@kozhaserver\n"
            },
            "metadata_options": [
              {
                "aws_v1_http_endpoint": 1,
                "aws_v1_http_token": 2,
                "gce_http_endpoint": 1,
                "gce_http_token": 1
              }
            ],
            "name": "master",
            "network_acceleration_type": "standard",
            "network_interface": [
              {
                "dns_record": [],
                "index": 0,
                "ip_address": "10.2.0.34",
                "ipv4": true,
                "ipv6": false,
                "ipv6_address": "",
                "ipv6_dns_record": [],
                "mac_address": "d0:0d:86:d0:ef:ee",
                "nat": true,
                "nat_dns_record": [],
                "nat_ip_address": "158.160.48.227",
                "nat_ip_version": "IPV4",
                "security_group_ids": [],
                "subnet_id": "e9bs2364elrc7nrqv7nn"
              }
            ],
            "placement_policy": [
              {
                "host_affinity_rules": [],
                "placement_group_id": ""
              }
            ],
            "platform_id": "standard-v1",
            "resources": [
              {
                "core_fraction": 20,
                "cores": 2,
                "gpus": 0,
                "memory": 1
              }
            ],
            "scheduling_policy": [
              {
                "preemptible": false
              }
            ],
            "secondary_disk": [],
            "service_account_id": "",
            "status": "running",
            "timeouts": null,
            "zone": "ru-central1-a"
          },
          "sensitive_attributes": [],
          "private": "eyJlMmJmYjczMC1lY2FhLTExZTYtOGY4OC0zNDM2M2JjN2M0YzAiOnsiY3JlYXRlIjozMDAwMDAwMDAwMDAsImRlbGV0ZSI6MzAwMDAwMDAwMDAwLCJ1cGRhdGUiOjMwMDAwMDAwMDAwMH0sInNjaGVtYV92ZXJzaW9uIjoiMSJ9",
          "dependencies": [
            "module.k8s_master.data.yandex_compute_image.my_image",
            "yandex_vpc_network.network",
            "yandex_vpc_subnet.subnet-1"
          ]
        }
      ]
    }
  ],
  "check_results": null
}
