{
  "version": 4,
  "terraform_version": "1.6.5",
  "serial": 91,
  "lineage": "2782e902-d7ce-7d53-ec94-ddc163bf23f3",
  "outputs": {
    "external_ip_address_master": {
      "value": "158.160.96.102",
      "type": "string"
    }
  },
  "resources": [
    {
      "mode": "data",
      "type": "yandex_compute_image",
      "name": "my_image",
      "provider": "provider[\"registry.terraform.io/yandex-cloud/yandex\"]",
      "instances": [
        {
          "schema_version": 0,
          "attributes": {
            "created_at": "2023-12-04T10:53:30Z",
            "description": "ubuntu 18.04 lts",
            "family": "ubuntu-1804-lts",
            "folder_id": "standard-images",
            "id": "fd8kcnjakd0m6hsg8vi7",
            "image_id": "fd8kcnjakd0m6hsg8vi7",
            "labels": {},
            "min_disk_size": 3,
            "name": "ubuntu-18-04-lts-v20231204",
            "os_type": "linux",
            "pooled": true,
            "product_ids": [
              "f2e1ptckp895l25pcn6j"
            ],
            "size": 2,
            "status": "ready"
          },
          "sensitive_attributes": []
        }
      ]
    },
    {
      "mode": "managed",
      "type": "null_resource",
      "name": "connecton_k8s_master",
      "provider": "provider[\"registry.terraform.io/hashicorp/null\"]",
      "instances": [
        {
          "schema_version": 0,
          "attributes": {
            "id": "6529596917646515070",
            "triggers": null
          },
          "sensitive_attributes": [],
          "dependencies": [
            "data.yandex_compute_image.my_image",
            "yandex_compute_instance.master",
            "yandex_vpc_network.k8s-network",
            "yandex_vpc_subnet.k8s-subnet"
          ]
        }
      ]
    },
    {
      "mode": "managed",
      "type": "yandex_compute_instance",
      "name": "master",
      "provider": "provider[\"registry.terraform.io/yandex-cloud/yandex\"]",
      "instances": [
        {
          "schema_version": 1,
          "attributes": {
            "allow_recreate": null,
            "allow_stopping_for_update": null,
            "boot_disk": [
              {
                "auto_delete": true,
                "device_name": "fhmoaijdcpqgt611pg0b",
                "disk_id": "fhmoaijdcpqgt611pg0b",
                "initialize_params": [
                  {
                    "block_size": 4096,
                    "description": "",
                    "image_id": "fd8kcnjakd0m6hsg8vi7",
                    "name": "",
                    "size": 10,
                    "snapshot_id": "",
                    "type": "network-hdd"
                  }
                ],
                "mode": "READ_WRITE"
              }
            ],
            "created_at": "2023-12-09T06:57:48Z",
            "description": "",
            "filesystem": [],
            "folder_id": "b1g07boj4j03d4ln6dhf",
            "fqdn": "master.ru-central1.internal",
            "gpu_cluster_id": "",
            "hostname": "master",
            "id": "fhm1l43g3895tdlmr627",
            "labels": null,
            "local_disk": [],
            "metadata": {
              "ssh-keys": "ubuntu:ssh-rsa AAAAB3NzaC1yc2EAAAADAQABAAABgQDFbi2AzHW318K0rmiRAz0z1WPUnN//zX52Yuqb0f3tve4ltmbsvQUkrMwtntrvJYRZQ00UbFpUXxvHXQA/swsenLZvEEusOBSMAZlDD3HxubuELG85YpZRRj36Y2Zc8G69MgmJKp33B7JNn5BYViVTpHKN9eOkHkyEcrxgZ/cL4tG8cJn0K051eJFIeQzG38HvHsivNpcNFKz9fmATOL0XM+xszKynxLVaIbebb0gTT5kKcxGh78Z56Kzx7vKHOKIc19SZKYL7QE2kbZ5YFXxiqd7j3kI4zenH8SVSy4Aq+mtgwNKOsZfKZ3fb7OdUzW0AnqLSsaZJeAmxe6O0MQcFnAVdNDaWhyOLdfADjC/vaf3AweXPP7kFol/QAXCpdLk2rwu7YXfyqVn4kvQg0sOvO726v0N+Z4x6ZA6XFeXZKPgtakVyvwxYlP4VTYzhi7hf4ZRH7nwZgi1QfCje9unQJPjjfHo/o0R9o6Ky1mLfKmIimxYsvv8u7uhMPK82RXU= kozha@kozhaserver\n"
            },
            "metadata_options": [
              {
                "aws_v1_http_endpoint": 1,
                "aws_v1_http_token": 2,
                "gce_http_endpoint": 1,
                "gce_http_token": 1
              }
            ],
            "name": "master",
            "network_acceleration_type": "standard",
            "network_interface": [
              {
                "dns_record": [],
                "index": 0,
                "ip_address": "10.2.0.28",
                "ipv4": true,
                "ipv6": false,
                "ipv6_address": "",
                "ipv6_dns_record": [],
                "mac_address": "d0:0d:1a:90:70:1a",
                "nat": true,
                "nat_dns_record": [],
                "nat_ip_address": "158.160.96.102",
                "nat_ip_version": "IPV4",
                "security_group_ids": [],
                "subnet_id": "e9bj8tsn2jbd1spl5vli"
              }
            ],
            "placement_policy": [
              {
                "host_affinity_rules": [],
                "placement_group_id": ""
              }
            ],
            "platform_id": "standard-v1",
            "resources": [
              {
                "core_fraction": 100,
                "cores": 2,
                "gpus": 0,
                "memory": 8
              }
            ],
            "scheduling_policy": [
              {
                "preemptible": false
              }
            ],
            "secondary_disk": [],
            "service_account_id": "",
            "status": "running",
            "timeouts": null,
            "zone": "ru-central1-a"
          },
          "sensitive_attributes": [],
          "private": "eyJlMmJmYjczMC1lY2FhLTExZTYtOGY4OC0zNDM2M2JjN2M0YzAiOnsiY3JlYXRlIjozMDAwMDAwMDAwMDAsImRlbGV0ZSI6MzAwMDAwMDAwMDAwLCJ1cGRhdGUiOjMwMDAwMDAwMDAwMH0sInNjaGVtYV92ZXJzaW9uIjoiMSJ9",
          "dependencies": [
            "data.yandex_compute_image.my_image",
            "yandex_vpc_network.k8s-network",
            "yandex_vpc_subnet.k8s-subnet"
          ]
        }
      ]
    },
    {
      "mode": "managed",
      "type": "yandex_vpc_network",
      "name": "k8s-network",
      "provider": "provider[\"registry.terraform.io/yandex-cloud/yandex\"]",
      "instances": [
        {
          "schema_version": 0,
          "attributes": {
            "created_at": "2023-12-09T05:51:38Z",
            "default_security_group_id": "enppgo2clo3qtago0dog",
            "description": "",
            "folder_id": "b1g07boj4j03d4ln6dhf",
            "id": "enpfqou4cvn1fqe96c82",
            "labels": {},
            "name": "deploy_network",
            "subnet_ids": [
              "e9bj8tsn2jbd1spl5vli"
            ],
            "timeouts": null
          },
          "sensitive_attributes": [],
          "private": "eyJlMmJmYjczMC1lY2FhLTExZTYtOGY4OC0zNDM2M2JjN2M0YzAiOnsiY3JlYXRlIjo2MDAwMDAwMDAwMCwiZGVsZXRlIjo2MDAwMDAwMDAwMCwidXBkYXRlIjo2MDAwMDAwMDAwMH19"
        }
      ]
    },
    {
      "mode": "managed",
      "type": "yandex_vpc_subnet",
      "name": "k8s-subnet",
      "provider": "provider[\"registry.terraform.io/yandex-cloud/yandex\"]",
      "instances": [
        {
          "schema_version": 0,
          "attributes": {
            "created_at": "2023-12-09T05:51:40Z",
            "description": "",
            "dhcp_options": [],
            "folder_id": "b1g07boj4j03d4ln6dhf",
            "id": "e9bj8tsn2jbd1spl5vli",
            "labels": {},
            "name": "",
            "network_id": "enpfqou4cvn1fqe96c82",
            "route_table_id": "",
            "timeouts": null,
            "v4_cidr_blocks": [
              "10.2.0.0/16"
            ],
            "v6_cidr_blocks": [],
            "zone": "ru-central1-a"
          },
          "sensitive_attributes": [],
          "private": "eyJlMmJmYjczMC1lY2FhLTExZTYtOGY4OC0zNDM2M2JjN2M0YzAiOnsiY3JlYXRlIjoxODAwMDAwMDAwMDAsImRlbGV0ZSI6MTgwMDAwMDAwMDAwLCJ1cGRhdGUiOjE4MDAwMDAwMDAwMH19",
          "dependencies": [
            "yandex_vpc_network.k8s-network"
          ]
        }
      ]
    }
  ],
  "check_results": null
}
